
Microsoft Visual Studio Solution File, Format Version 12.00
# Visual Studio 15
VisualStudioVersion = 15.0.27004.2005
MinimumVisualStudioVersion = 10.0.40219.1
Project("{9A19103F-16F7-4668-BE54-9A1E7A4F7556}") = "CommonTools.Lib.ns11", "CommonTools.Lib.ns11\CommonTools.Lib.ns11.csproj", "{7B63B97C-59E1-406D-A091-3721C7F25BFC}"
EndProject
Project("{FAE04EC0-301F-11D3-BF4B-00C04F79EFBC}") = "CommonTools.Lib.fx45", "CommonTools.Lib.fx45\CommonTools.Lib.fx45.csproj", "{A46C1921-409F-4E24-8EF7-214425D79C17}"
EndProject
Project("{FAE04EC0-301F-11D3-BF4B-00C04F79EFBC}") = "FreshCopy.UpdateChecker.WPF", "FreshCopy.UpdateChecker.WPF\FreshCopy.UpdateChecker.WPF.csproj", "{65DE8016-14DB-4B9D-B54D-37F7FA61C5E4}"
EndProject
Project("{FAE04EC0-301F-11D3-BF4B-00C04F79EFBC}") = "FreshCopy.Client.Lib45", "FreshCopy.Client.Lib45\FreshCopy.Client.Lib45.csproj", "{14CF00F1-1B33-471E-A957-A1946B9FB2BB}"
EndProject
Project("{FAE04EC0-301F-11D3-BF4B-00C04F79EFBC}") = "FreshCopy.Server.Lib45", "FreshCopy.Server.Lib45\FreshCopy.Server.Lib45.csproj", "{2DE4A08D-5D88-4B9E-B6D3-612EA5F56110}"
EndProject
Project("{9A19103F-16F7-4668-BE54-9A1E7A4F7556}") = "FreshCopy.Common.API", "FreshCopy.Common.API\FreshCopy.Common.API.csproj", "{CBCDF3E9-833C-404C-97D2-8F829A17DDD6}"
EndProject
Project("{FAE04EC0-301F-11D3-BF4B-00C04F79EFBC}") = "FreshCopy.VersionKeeper.WPF", "FreshCopy.VersionKeeper.WPF\FreshCopy.VersionKeeper.WPF.csproj", "{80FC472D-C95D-4AED-BBF2-EEADF97CF413}"
EndProject
Project("{FAE04EC0-301F-11D3-BF4B-00C04F79EFBC}") = "FreshCopy.Tests", "FreshCopy.Tests\FreshCopy.Tests.csproj", "{5BCCBBF4-9F03-4674-BC33-F7552A741BC5}"
EndProject
Project("{FAE04EC0-301F-11D3-BF4B-00C04F79EFBC}") = "FreshCopy.ServerControl.WPF", "FreshCopy.ServerControl.WPF\FreshCopy.ServerControl.WPF.csproj", "{5708A932-D4EE-402F-87AD-DD3F332C01E7}"
EndProject
Project("{2150E333-8FDC-42A3-9474-1A3956D46DE8}") = "Solution Items", "Solution Items", "{1BEC00DA-FC8C-4953-A7E5-EC7112BD6B42}"
	ProjectSection(SolutionItems) = preProject
		.gitignore = .gitignore
		hideJenkinsfile = hideJenkinsfile
		LICENSE = LICENSE
		README.md = README.md
	EndProjectSection
EndProject
Global
	GlobalSection(SolutionConfigurationPlatforms) = preSolution
		Debug|Any CPU = Debug|Any CPU
		Release|Any CPU = Release|Any CPU
	EndGlobalSection
	GlobalSection(ProjectConfigurationPlatforms) = postSolution
		{7B63B97C-59E1-406D-A091-3721C7F25BFC}.Debug|Any CPU.ActiveCfg = Debug|Any CPU
		{7B63B97C-59E1-406D-A091-3721C7F25BFC}.Debug|Any CPU.Build.0 = Debug|Any CPU
		{7B63B97C-59E1-406D-A091-3721C7F25BFC}.Release|Any CPU.ActiveCfg = Release|Any CPU
		{7B63B97C-59E1-406D-A091-3721C7F25BFC}.Release|Any CPU.Build.0 = Release|Any CPU
		{A46C1921-409F-4E24-8EF7-214425D79C17}.Debug|Any CPU.ActiveCfg = Debug|Any CPU
		{A46C1921-409F-4E24-8EF7-214425D79C17}.Debug|Any CPU.Build.0 = Debug|Any CPU
		{A46C1921-409F-4E24-8EF7-214425D79C17}.Release|Any CPU.ActiveCfg = Release|Any CPU
		{A46C1921-409F-4E24-8EF7-214425D79C17}.Release|Any CPU.Build.0 = Release|Any CPU
		{65DE8016-14DB-4B9D-B54D-37F7FA61C5E4}.Debug|Any CPU.ActiveCfg = Debug|Any CPU
		{65DE8016-14DB-4B9D-B54D-37F7FA61C5E4}.Debug|Any CPU.Build.0 = Debug|Any CPU
		{65DE8016-14DB-4B9D-B54D-37F7FA61C5E4}.Release|Any CPU.ActiveCfg = Release|Any CPU
		{65DE8016-14DB-4B9D-B54D-37F7FA61C5E4}.Release|Any CPU.Build.0 = Release|Any CPU
		{14CF00F1-1B33-471E-A957-A1946B9FB2BB}.Debug|Any CPU.ActiveCfg = Debug|Any CPU
		{14CF00F1-1B33-471E-A957-A1946B9FB2BB}.Debug|Any CPU.Build.0 = Debug|Any CPU
		{14CF00F1-1B33-471E-A957-A1946B9FB2BB}.Release|Any CPU.ActiveCfg = Release|Any CPU
		{14CF00F1-1B33-471E-A957-A1946B9FB2BB}.Release|Any CPU.Build.0 = Release|Any CPU
		{2DE4A08D-5D88-4B9E-B6D3-612EA5F56110}.Debug|Any CPU.ActiveCfg = Debug|Any CPU
		{2DE4A08D-5D88-4B9E-B6D3-612EA5F56110}.Debug|Any CPU.Build.0 = Debug|Any CPU
		{2DE4A08D-5D88-4B9E-B6D3-612EA5F56110}.Release|Any CPU.ActiveCfg = Release|Any CPU
		{2DE4A08D-5D88-4B9E-B6D3-612EA5F56110}.Release|Any CPU.Build.0 = Release|Any CPU
		{CBCDF3E9-833C-404C-97D2-8F829A17DDD6}.Debug|Any CPU.ActiveCfg = Debug|Any CPU
		{CBCDF3E9-833C-404C-97D2-8F829A17DDD6}.Debug|Any CPU.Build.0 = Debug|Any CPU
		{CBCDF3E9-833C-404C-97D2-8F829A17DDD6}.Release|Any CPU.ActiveCfg = Release|Any CPU
		{CBCDF3E9-833C-404C-97D2-8F829A17DDD6}.Release|Any CPU.Build.0 = Release|Any CPU
		{80FC472D-C95D-4AED-BBF2-EEADF97CF413}.Debug|Any CPU.ActiveCfg = Debug|Any CPU
		{80FC472D-C95D-4AED-BBF2-EEADF97CF413}.Debug|Any CPU.Build.0 = Debug|Any CPU
		{80FC472D-C95D-4AED-BBF2-EEADF97CF413}.Release|Any CPU.ActiveCfg = Release|Any CPU
		{80FC472D-C95D-4AED-BBF2-EEADF97CF413}.Release|Any CPU.Build.0 = Release|Any CPU
		{5BCCBBF4-9F03-4674-BC33-F7552A741BC5}.Debug|Any CPU.ActiveCfg = Debug|Any CPU
		{5BCCBBF4-9F03-4674-BC33-F7552A741BC5}.Debug|Any CPU.Build.0 = Debug|Any CPU
		{5BCCBBF4-9F03-4674-BC33-F7552A741BC5}.Release|Any CPU.ActiveCfg = Release|Any CPU
		{5BCCBBF4-9F03-4674-BC33-F7552A741BC5}.Release|Any CPU.Build.0 = Release|Any CPU
		{5708A932-D4EE-402F-87AD-DD3F332C01E7}.Debug|Any CPU.ActiveCfg = Debug|Any CPU
		{5708A932-D4EE-402F-87AD-DD3F332C01E7}.Debug|Any CPU.Build.0 = Debug|Any CPU
		{5708A932-D4EE-402F-87AD-DD3F332C01E7}.Release|Any CPU.ActiveCfg = Release|Any CPU
		{5708A932-D4EE-402F-87AD-DD3F332C01E7}.Release|Any CPU.Build.0 = Release|Any CPU
	EndGlobalSection
	GlobalSection(SolutionProperties) = preSolution
		HideSolutionNode = FALSE
	EndGlobalSection
	GlobalSection(ExtensibilityGlobals) = postSolution
		SolutionGuid = {09380D24-B7EE-44AE-9802-AB44FC931A7A}
	EndGlobalSection
EndGlobal
